
Microsoft Visual Studio Solution File, Format Version 12.00
# Visual Studio Version 17
VisualStudioVersion = 17.0.31612.314
MinimumVisualStudioVersion = 10.0.40219.1
Project("{FAE04EC0-301F-11D3-BF4B-00C04F79EFBC}") = "WeatherApp", "WeatherApp\WeatherApp.csproj", "{912A419E-083E-41FE-BD9A-CE13ED645A83}"
EndProject
Project("{FAE04EC0-301F-11D3-BF4B-00C04F79EFBC}") = "WeatherApp.Domain", "WeatherApp.Domain\WeatherApp.Domain.csproj", "{10F8B769-2A29-4980-8DAC-1101370AE400}"
EndProject
Project("{FAE04EC0-301F-11D3-BF4B-00C04F79EFBC}") = "WeatherApp.Services", "WeatherApp.Services\WeatherApp.Services.csproj", "{3FBEBC1F-E76E-4711-876E-F00B046E3532}"
EndProject
Global
	GlobalSection(SolutionConfigurationPlatforms) = preSolution
		Debug|Any CPU = Debug|Any CPU
		Release|Any CPU = Release|Any CPU
	EndGlobalSection
	GlobalSection(ProjectConfigurationPlatforms) = postSolution
		{912A419E-083E-41FE-BD9A-CE13ED645A83}.Debug|Any CPU.ActiveCfg = Debug|Any CPU
		{912A419E-083E-41FE-BD9A-CE13ED645A83}.Debug|Any CPU.Build.0 = Debug|Any CPU
		{912A419E-083E-41FE-BD9A-CE13ED645A83}.Release|Any CPU.ActiveCfg = Release|Any CPU
		{912A419E-083E-41FE-BD9A-CE13ED645A83}.Release|Any CPU.Build.0 = Release|Any CPU
		{10F8B769-2A29-4980-8DAC-1101370AE400}.Debug|Any CPU.ActiveCfg = Debug|Any CPU
		{10F8B769-2A29-4980-8DAC-1101370AE400}.Debug|Any CPU.Build.0 = Debug|Any CPU
		{10F8B769-2A29-4980-8DAC-1101370AE400}.Release|Any CPU.ActiveCfg = Release|Any CPU
		{10F8B769-2A29-4980-8DAC-1101370AE400}.Release|Any CPU.Build.0 = Release|Any CPU
		{3FBEBC1F-E76E-4711-876E-F00B046E3532}.Debug|Any CPU.ActiveCfg = Debug|Any CPU
		{3FBEBC1F-E76E-4711-876E-F00B046E3532}.Debug|Any CPU.Build.0 = Debug|Any CPU
		{3FBEBC1F-E76E-4711-876E-F00B046E3532}.Release|Any CPU.ActiveCfg = Release|Any CPU
		{3FBEBC1F-E76E-4711-876E-F00B046E3532}.Release|Any CPU.Build.0 = Release|Any CPU
	EndGlobalSection
	GlobalSection(SolutionProperties) = preSolution
		HideSolutionNode = FALSE
	EndGlobalSection
	GlobalSection(ExtensibilityGlobals) = postSolution
		SolutionGuid = {3D9F9B58-AD77-4BD2-BD74-A830752A6B19}
	EndGlobalSection
EndGlobal
